
Microsoft Visual Studio Solution File, Format Version 12.00
# Visual Studio Version 17
VisualStudioVersion = 17.0.32014.148
MinimumVisualStudioVersion = 10.0.40219.1
Project("{9A19103F-16F7-4668-BE54-9A1E7A4F7556}") = "Mando.Domain", "src\Mando.Domain\Mando.Domain.csproj", "{554AD327-6DBA-4F8F-96F8-81CE7A0C863F}"
EndProject
Project("{9A19103F-16F7-4668-BE54-9A1E7A4F7556}") = "Mando.Application", "src\Mando.Application\Mando.Application.csproj", "{1A94A50E-06DC-43C1-80B5-B662820EC3EB}"
EndProject
Project("{9A19103F-16F7-4668-BE54-9A1E7A4F7556}") = "Mando.EntityFrameworkCore", "src\Mando.EntityFrameworkCore\Mando.EntityFrameworkCore.csproj", "{C956DD76-69C8-4A9C-83EA-D17DF83340FD}"
EndProject
Project("{2150E333-8FDC-42A3-9474-1A3956D46DE8}") = "src", "src", "{CA9AC87F-097E-4F15-8393-4BC07735A5B0}"
EndProject
Project("{2150E333-8FDC-42A3-9474-1A3956D46DE8}") = "test", "test", "{04DBDB01-70F4-4E06-B468-8F87850B22BE}"
EndProject
Project("{9A19103F-16F7-4668-BE54-9A1E7A4F7556}") = "Mando.Application.Tests", "test\Mando.Application.Tests\Mando.Application.Tests.csproj", "{50B2631D-129C-47B3-A587-029CCD6099BC}"
EndProject
Project("{9A19103F-16F7-4668-BE54-9A1E7A4F7556}") = "Mando.Domain.Shared", "src\Mando.Domain.Shared\Mando.Domain.Shared.csproj", "{42F719ED-8413-4895-B5B4-5AB56079BC66}"
EndProject
Project("{9A19103F-16F7-4668-BE54-9A1E7A4F7556}") = "Mando.Application.Contracts", "src\Mando.Application.Contracts\Mando.Application.Contracts.csproj", "{520659C8-C734-4298-A3DA-B539DB9DFC0B}"
EndProject
Project("{9A19103F-16F7-4668-BE54-9A1E7A4F7556}") = "Mando.HttpApi", "src\Mando.HttpApi\Mando.HttpApi.csproj", "{4164BDF7-F527-4E85-9CE6-E3C2D7426A27}"
EndProject
Project("{9A19103F-16F7-4668-BE54-9A1E7A4F7556}") = "Mando.EntityFrameworkCore.Tests", "test\Mando.EntityFrameworkCore.Tests\Mando.EntityFrameworkCore.Tests.csproj", "{1FE30EB9-74A9-47F5-A9F6-7B1FAB672D81}"
EndProject
Project("{9A19103F-16F7-4668-BE54-9A1E7A4F7556}") = "Mando.TestBase", "test\Mando.TestBase\Mando.TestBase.csproj", "{91853F21-9CD9-4132-BC29-A7D5D84FFFE7}"
EndProject
Project("{9A19103F-16F7-4668-BE54-9A1E7A4F7556}") = "Mando.Domain.Tests", "test\Mando.Domain.Tests\Mando.Domain.Tests.csproj", "{E512F4D9-9375-480F-A2F6-A46509F9D824}"
EndProject
Project("{9A19103F-16F7-4668-BE54-9A1E7A4F7556}") = "Mando.HttpApi.Host", "src\Mando.HttpApi.Host\Mando.HttpApi.Host.csproj", "{748584B1-BA69-4F6A-81AA-F4BDE6BCE29D}"
EndProject
Project("{2150E333-8FDC-42A3-9474-1A3956D46DE8}") = "domain", "domain", "{E49ACC51-CECD-425C-97C1-83351B07F2DB}"
EndProject
Project("{2150E333-8FDC-42A3-9474-1A3956D46DE8}") = "infrastructure", "infrastructure", "{D094E062-49E6-4BD4-8997-4D68433843AD}"
EndProject
Project("{2150E333-8FDC-42A3-9474-1A3956D46DE8}") = "application", "application", "{B8014CD8-E44B-4892-83AF-6308FF6A1BC1}"
EndProject
Project("{2150E333-8FDC-42A3-9474-1A3956D46DE8}") = "abp", "abp", "{85C13E6C-126A-493E-AF09-DF45ABA51302}"
EndProject
Project("{FAE04EC0-301F-11D3-BF4B-00C04F79EFBC}") = "Volo.Abp.AuditLogging.Domain", "abp\Volo.Abp.AuditLogging.Domain\Volo.Abp.AuditLogging.Domain.csproj", "{BD25EBB9-F1AF-4929-A564-3388CBDF2311}"
EndProject
Project("{FAE04EC0-301F-11D3-BF4B-00C04F79EFBC}") = "Volo.Abp.AuditLogging.Domain.Shared", "abp\Volo.Abp.AuditLogging.Domain.Shared\Volo.Abp.AuditLogging.Domain.Shared.csproj", "{9C7E31BF-3EDF-42D9-9234-D1DD4AC37666}"
EndProject
Project("{FAE04EC0-301F-11D3-BF4B-00C04F79EFBC}") = "Volo.Abp.AuditLogging.EntityFrameworkCore", "abp\Volo.Abp.AuditLogging.EntityFrameworkCore\Volo.Abp.AuditLogging.EntityFrameworkCore.csproj", "{678493BC-C5EF-40D3-B6F6-3FEB1B3EEB65}"
EndProject
Project("{FAE04EC0-301F-11D3-BF4B-00C04F79EFBC}") = "Volo.Abp.IdentityServer.Domain", "abp\Volo.Abp.IdentityServer.Domain\Volo.Abp.IdentityServer.Domain.csproj", "{A6132458-336C-4016-A149-F51E4173FA82}"
EndProject
Project("{FAE04EC0-301F-11D3-BF4B-00C04F79EFBC}") = "Volo.Abp.IdentityServer.Domain.Shared", "abp\Volo.Abp.IdentityServer.Domain.Shared\Volo.Abp.IdentityServer.Domain.Shared.csproj", "{04B5D3AC-8CC1-4FD9-8B62-3BB9461608B8}"
EndProject
Project("{FAE04EC0-301F-11D3-BF4B-00C04F79EFBC}") = "Volo.Abp.IdentityServer.EntityFrameworkCore", "abp\Volo.Abp.IdentityServer.EntityFrameworkCore\Volo.Abp.IdentityServer.EntityFrameworkCore.csproj", "{9E875809-18C6-4613-BBF3-A24B38E8395F}"
EndProject
Project("{FAE04EC0-301F-11D3-BF4B-00C04F79EFBC}") = "Volo.Abp.PermissionManagement.Domain.IdentityServer", "abp\Volo.Abp.PermissionManagement.Domain.IdentityServer\Volo.Abp.PermissionManagement.Domain.IdentityServer.csproj", "{9C53762B-BA0E-4F0A-908B-E94DABD6C8C6}"
EndProject
Project("{FAE04EC0-301F-11D3-BF4B-00C04F79EFBC}") = "Volo.Abp.PermissionManagement.Application", "abp\Volo.Abp.PermissionManagement.Application\Volo.Abp.PermissionManagement.Application.csproj", "{C18FDE63-567C-4848-AFD4-FACFA3A6E7F7}"
EndProject
Project("{FAE04EC0-301F-11D3-BF4B-00C04F79EFBC}") = "Volo.Abp.PermissionManagement.Application.Contracts", "abp\Volo.Abp.PermissionManagement.Application.Contracts\Volo.Abp.PermissionManagement.Application.Contracts.csproj", "{CE073A5F-0B55-4569-9880-A15C6A6B1F2B}"
EndProject
Project("{FAE04EC0-301F-11D3-BF4B-00C04F79EFBC}") = "Volo.Abp.PermissionManagement.Domain", "abp\Volo.Abp.PermissionManagement.Domain\Volo.Abp.PermissionManagement.Domain.csproj", "{734BF350-5888-428F-9CA9-E6A0983FE5A1}"
EndProject
Project("{FAE04EC0-301F-11D3-BF4B-00C04F79EFBC}") = "Volo.Abp.PermissionManagement.Domain.Shared", "abp\Volo.Abp.PermissionManagement.Domain.Shared\Volo.Abp.PermissionManagement.Domain.Shared.csproj", "{7A9FB69A-FB08-48A4-9306-B623D5E040AE}"
EndProject
Project("{FAE04EC0-301F-11D3-BF4B-00C04F79EFBC}") = "Volo.Abp.PermissionManagement.EntityFrameworkCore", "abp\Volo.Abp.PermissionManagement.EntityFrameworkCore\Volo.Abp.PermissionManagement.EntityFrameworkCore.csproj", "{746198D4-C1BC-4946-BDF5-898F16109E4C}"
EndProject
Global
	GlobalSection(SolutionConfigurationPlatforms) = preSolution
		Debug|Any CPU = Debug|Any CPU
		Release|Any CPU = Release|Any CPU
	EndGlobalSection
	GlobalSection(ProjectConfigurationPlatforms) = postSolution
		{554AD327-6DBA-4F8F-96F8-81CE7A0C863F}.Debug|Any CPU.ActiveCfg = Debug|Any CPU
		{554AD327-6DBA-4F8F-96F8-81CE7A0C863F}.Debug|Any CPU.Build.0 = Debug|Any CPU
		{554AD327-6DBA-4F8F-96F8-81CE7A0C863F}.Release|Any CPU.ActiveCfg = Release|Any CPU
		{554AD327-6DBA-4F8F-96F8-81CE7A0C863F}.Release|Any CPU.Build.0 = Release|Any CPU
		{1A94A50E-06DC-43C1-80B5-B662820EC3EB}.Debug|Any CPU.ActiveCfg = Debug|Any CPU
		{1A94A50E-06DC-43C1-80B5-B662820EC3EB}.Debug|Any CPU.Build.0 = Debug|Any CPU
		{1A94A50E-06DC-43C1-80B5-B662820EC3EB}.Release|Any CPU.ActiveCfg = Release|Any CPU
		{1A94A50E-06DC-43C1-80B5-B662820EC3EB}.Release|Any CPU.Build.0 = Release|Any CPU
		{C956DD76-69C8-4A9C-83EA-D17DF83340FD}.Debug|Any CPU.ActiveCfg = Debug|Any CPU
		{C956DD76-69C8-4A9C-83EA-D17DF83340FD}.Debug|Any CPU.Build.0 = Debug|Any CPU
		{C956DD76-69C8-4A9C-83EA-D17DF83340FD}.Release|Any CPU.ActiveCfg = Release|Any CPU
		{C956DD76-69C8-4A9C-83EA-D17DF83340FD}.Release|Any CPU.Build.0 = Release|Any CPU
		{50B2631D-129C-47B3-A587-029CCD6099BC}.Debug|Any CPU.ActiveCfg = Debug|Any CPU
		{50B2631D-129C-47B3-A587-029CCD6099BC}.Debug|Any CPU.Build.0 = Debug|Any CPU
		{50B2631D-129C-47B3-A587-029CCD6099BC}.Release|Any CPU.ActiveCfg = Release|Any CPU
		{50B2631D-129C-47B3-A587-029CCD6099BC}.Release|Any CPU.Build.0 = Release|Any CPU
		{42F719ED-8413-4895-B5B4-5AB56079BC66}.Debug|Any CPU.ActiveCfg = Debug|Any CPU
		{42F719ED-8413-4895-B5B4-5AB56079BC66}.Debug|Any CPU.Build.0 = Debug|Any CPU
		{42F719ED-8413-4895-B5B4-5AB56079BC66}.Release|Any CPU.ActiveCfg = Release|Any CPU
		{42F719ED-8413-4895-B5B4-5AB56079BC66}.Release|Any CPU.Build.0 = Release|Any CPU
		{520659C8-C734-4298-A3DA-B539DB9DFC0B}.Debug|Any CPU.ActiveCfg = Debug|Any CPU
		{520659C8-C734-4298-A3DA-B539DB9DFC0B}.Debug|Any CPU.Build.0 = Debug|Any CPU
		{520659C8-C734-4298-A3DA-B539DB9DFC0B}.Release|Any CPU.ActiveCfg = Release|Any CPU
		{520659C8-C734-4298-A3DA-B539DB9DFC0B}.Release|Any CPU.Build.0 = Release|Any CPU
		{4164BDF7-F527-4E85-9CE6-E3C2D7426A27}.Debug|Any CPU.ActiveCfg = Debug|Any CPU
		{4164BDF7-F527-4E85-9CE6-E3C2D7426A27}.Debug|Any CPU.Build.0 = Debug|Any CPU
		{4164BDF7-F527-4E85-9CE6-E3C2D7426A27}.Release|Any CPU.ActiveCfg = Release|Any CPU
		{4164BDF7-F527-4E85-9CE6-E3C2D7426A27}.Release|Any CPU.Build.0 = Release|Any CPU
		{1FE30EB9-74A9-47F5-A9F6-7B1FAB672D81}.Debug|Any CPU.ActiveCfg = Debug|Any CPU
		{1FE30EB9-74A9-47F5-A9F6-7B1FAB672D81}.Debug|Any CPU.Build.0 = Debug|Any CPU
		{1FE30EB9-74A9-47F5-A9F6-7B1FAB672D81}.Release|Any CPU.ActiveCfg = Release|Any CPU
		{1FE30EB9-74A9-47F5-A9F6-7B1FAB672D81}.Release|Any CPU.Build.0 = Release|Any CPU
		{91853F21-9CD9-4132-BC29-A7D5D84FFFE7}.Debug|Any CPU.ActiveCfg = Debug|Any CPU
		{91853F21-9CD9-4132-BC29-A7D5D84FFFE7}.Debug|Any CPU.Build.0 = Debug|Any CPU
		{91853F21-9CD9-4132-BC29-A7D5D84FFFE7}.Release|Any CPU.ActiveCfg = Release|Any CPU
		{91853F21-9CD9-4132-BC29-A7D5D84FFFE7}.Release|Any CPU.Build.0 = Release|Any CPU
		{E512F4D9-9375-480F-A2F6-A46509F9D824}.Debug|Any CPU.ActiveCfg = Debug|Any CPU
		{E512F4D9-9375-480F-A2F6-A46509F9D824}.Debug|Any CPU.Build.0 = Debug|Any CPU
		{E512F4D9-9375-480F-A2F6-A46509F9D824}.Release|Any CPU.ActiveCfg = Release|Any CPU
		{E512F4D9-9375-480F-A2F6-A46509F9D824}.Release|Any CPU.Build.0 = Release|Any CPU
		{748584B1-BA69-4F6A-81AA-F4BDE6BCE29D}.Debug|Any CPU.ActiveCfg = Debug|Any CPU
		{748584B1-BA69-4F6A-81AA-F4BDE6BCE29D}.Debug|Any CPU.Build.0 = Debug|Any CPU
		{748584B1-BA69-4F6A-81AA-F4BDE6BCE29D}.Release|Any CPU.ActiveCfg = Release|Any CPU
		{748584B1-BA69-4F6A-81AA-F4BDE6BCE29D}.Release|Any CPU.Build.0 = Release|Any CPU
		{BD25EBB9-F1AF-4929-A564-3388CBDF2311}.Debug|Any CPU.ActiveCfg = Debug|Any CPU
		{BD25EBB9-F1AF-4929-A564-3388CBDF2311}.Debug|Any CPU.Build.0 = Debug|Any CPU
		{BD25EBB9-F1AF-4929-A564-3388CBDF2311}.Release|Any CPU.ActiveCfg = Release|Any CPU
		{BD25EBB9-F1AF-4929-A564-3388CBDF2311}.Release|Any CPU.Build.0 = Release|Any CPU
		{9C7E31BF-3EDF-42D9-9234-D1DD4AC37666}.Debug|Any CPU.ActiveCfg = Debug|Any CPU
		{9C7E31BF-3EDF-42D9-9234-D1DD4AC37666}.Debug|Any CPU.Build.0 = Debug|Any CPU
		{9C7E31BF-3EDF-42D9-9234-D1DD4AC37666}.Release|Any CPU.ActiveCfg = Release|Any CPU
		{9C7E31BF-3EDF-42D9-9234-D1DD4AC37666}.Release|Any CPU.Build.0 = Release|Any CPU
		{678493BC-C5EF-40D3-B6F6-3FEB1B3EEB65}.Debug|Any CPU.ActiveCfg = Debug|Any CPU
		{678493BC-C5EF-40D3-B6F6-3FEB1B3EEB65}.Debug|Any CPU.Build.0 = Debug|Any CPU
		{678493BC-C5EF-40D3-B6F6-3FEB1B3EEB65}.Release|Any CPU.ActiveCfg = Release|Any CPU
		{678493BC-C5EF-40D3-B6F6-3FEB1B3EEB65}.Release|Any CPU.Build.0 = Release|Any CPU
		{A6132458-336C-4016-A149-F51E4173FA82}.Debug|Any CPU.ActiveCfg = Debug|Any CPU
		{A6132458-336C-4016-A149-F51E4173FA82}.Debug|Any CPU.Build.0 = Debug|Any CPU
		{A6132458-336C-4016-A149-F51E4173FA82}.Release|Any CPU.ActiveCfg = Release|Any CPU
		{A6132458-336C-4016-A149-F51E4173FA82}.Release|Any CPU.Build.0 = Release|Any CPU
		{04B5D3AC-8CC1-4FD9-8B62-3BB9461608B8}.Debug|Any CPU.ActiveCfg = Debug|Any CPU
		{04B5D3AC-8CC1-4FD9-8B62-3BB9461608B8}.Debug|Any CPU.Build.0 = Debug|Any CPU
		{04B5D3AC-8CC1-4FD9-8B62-3BB9461608B8}.Release|Any CPU.ActiveCfg = Release|Any CPU
		{04B5D3AC-8CC1-4FD9-8B62-3BB9461608B8}.Release|Any CPU.Build.0 = Release|Any CPU
		{9E875809-18C6-4613-BBF3-A24B38E8395F}.Debug|Any CPU.ActiveCfg = Debug|Any CPU
		{9E875809-18C6-4613-BBF3-A24B38E8395F}.Debug|Any CPU.Build.0 = Debug|Any CPU
		{9E875809-18C6-4613-BBF3-A24B38E8395F}.Release|Any CPU.ActiveCfg = Release|Any CPU
		{9E875809-18C6-4613-BBF3-A24B38E8395F}.Release|Any CPU.Build.0 = Release|Any CPU
		{9C53762B-BA0E-4F0A-908B-E94DABD6C8C6}.Debug|Any CPU.ActiveCfg = Debug|Any CPU
		{9C53762B-BA0E-4F0A-908B-E94DABD6C8C6}.Debug|Any CPU.Build.0 = Debug|Any CPU
		{9C53762B-BA0E-4F0A-908B-E94DABD6C8C6}.Release|Any CPU.ActiveCfg = Release|Any CPU
		{9C53762B-BA0E-4F0A-908B-E94DABD6C8C6}.Release|Any CPU.Build.0 = Release|Any CPU
		{C18FDE63-567C-4848-AFD4-FACFA3A6E7F7}.Debug|Any CPU.ActiveCfg = Debug|Any CPU
		{C18FDE63-567C-4848-AFD4-FACFA3A6E7F7}.Debug|Any CPU.Build.0 = Debug|Any CPU
		{C18FDE63-567C-4848-AFD4-FACFA3A6E7F7}.Release|Any CPU.ActiveCfg = Release|Any CPU
		{C18FDE63-567C-4848-AFD4-FACFA3A6E7F7}.Release|Any CPU.Build.0 = Release|Any CPU
		{CE073A5F-0B55-4569-9880-A15C6A6B1F2B}.Debug|Any CPU.ActiveCfg = Debug|Any CPU
		{CE073A5F-0B55-4569-9880-A15C6A6B1F2B}.Debug|Any CPU.Build.0 = Debug|Any CPU
		{CE073A5F-0B55-4569-9880-A15C6A6B1F2B}.Release|Any CPU.ActiveCfg = Release|Any CPU
		{CE073A5F-0B55-4569-9880-A15C6A6B1F2B}.Release|Any CPU.Build.0 = Release|Any CPU
		{734BF350-5888-428F-9CA9-E6A0983FE5A1}.Debug|Any CPU.ActiveCfg = Debug|Any CPU
		{734BF350-5888-428F-9CA9-E6A0983FE5A1}.Debug|Any CPU.Build.0 = Debug|Any CPU
		{734BF350-5888-428F-9CA9-E6A0983FE5A1}.Release|Any CPU.ActiveCfg = Release|Any CPU
		{734BF350-5888-428F-9CA9-E6A0983FE5A1}.Release|Any CPU.Build.0 = Release|Any CPU
		{7A9FB69A-FB08-48A4-9306-B623D5E040AE}.Debug|Any CPU.ActiveCfg = Debug|Any CPU
		{7A9FB69A-FB08-48A4-9306-B623D5E040AE}.Debug|Any CPU.Build.0 = Debug|Any CPU
		{7A9FB69A-FB08-48A4-9306-B623D5E040AE}.Release|Any CPU.ActiveCfg = Release|Any CPU
		{7A9FB69A-FB08-48A4-9306-B623D5E040AE}.Release|Any CPU.Build.0 = Release|Any CPU
		{746198D4-C1BC-4946-BDF5-898F16109E4C}.Debug|Any CPU.ActiveCfg = Debug|Any CPU
		{746198D4-C1BC-4946-BDF5-898F16109E4C}.Debug|Any CPU.Build.0 = Debug|Any CPU
		{746198D4-C1BC-4946-BDF5-898F16109E4C}.Release|Any CPU.ActiveCfg = Release|Any CPU
		{746198D4-C1BC-4946-BDF5-898F16109E4C}.Release|Any CPU.Build.0 = Release|Any CPU
	EndGlobalSection
	GlobalSection(SolutionProperties) = preSolution
		HideSolutionNode = FALSE
	EndGlobalSection
	GlobalSection(NestedProjects) = preSolution
		{554AD327-6DBA-4F8F-96F8-81CE7A0C863F} = {E49ACC51-CECD-425C-97C1-83351B07F2DB}
		{1A94A50E-06DC-43C1-80B5-B662820EC3EB} = {B8014CD8-E44B-4892-83AF-6308FF6A1BC1}
		{C956DD76-69C8-4A9C-83EA-D17DF83340FD} = {D094E062-49E6-4BD4-8997-4D68433843AD}
		{50B2631D-129C-47B3-A587-029CCD6099BC} = {04DBDB01-70F4-4E06-B468-8F87850B22BE}
		{42F719ED-8413-4895-B5B4-5AB56079BC66} = {E49ACC51-CECD-425C-97C1-83351B07F2DB}
		{520659C8-C734-4298-A3DA-B539DB9DFC0B} = {B8014CD8-E44B-4892-83AF-6308FF6A1BC1}
		{4164BDF7-F527-4E85-9CE6-E3C2D7426A27} = {CA9AC87F-097E-4F15-8393-4BC07735A5B0}
		{1FE30EB9-74A9-47F5-A9F6-7B1FAB672D81} = {04DBDB01-70F4-4E06-B468-8F87850B22BE}
		{91853F21-9CD9-4132-BC29-A7D5D84FFFE7} = {04DBDB01-70F4-4E06-B468-8F87850B22BE}
		{E512F4D9-9375-480F-A2F6-A46509F9D824} = {04DBDB01-70F4-4E06-B468-8F87850B22BE}
		{748584B1-BA69-4F6A-81AA-F4BDE6BCE29D} = {CA9AC87F-097E-4F15-8393-4BC07735A5B0}
		{E49ACC51-CECD-425C-97C1-83351B07F2DB} = {CA9AC87F-097E-4F15-8393-4BC07735A5B0}
		{D094E062-49E6-4BD4-8997-4D68433843AD} = {CA9AC87F-097E-4F15-8393-4BC07735A5B0}
		{B8014CD8-E44B-4892-83AF-6308FF6A1BC1} = {CA9AC87F-097E-4F15-8393-4BC07735A5B0}
		{BD25EBB9-F1AF-4929-A564-3388CBDF2311} = {85C13E6C-126A-493E-AF09-DF45ABA51302}
		{9C7E31BF-3EDF-42D9-9234-D1DD4AC37666} = {85C13E6C-126A-493E-AF09-DF45ABA51302}
		{678493BC-C5EF-40D3-B6F6-3FEB1B3EEB65} = {85C13E6C-126A-493E-AF09-DF45ABA51302}
		{A6132458-336C-4016-A149-F51E4173FA82} = {85C13E6C-126A-493E-AF09-DF45ABA51302}
		{04B5D3AC-8CC1-4FD9-8B62-3BB9461608B8} = {85C13E6C-126A-493E-AF09-DF45ABA51302}
		{9E875809-18C6-4613-BBF3-A24B38E8395F} = {85C13E6C-126A-493E-AF09-DF45ABA51302}
		{9C53762B-BA0E-4F0A-908B-E94DABD6C8C6} = {85C13E6C-126A-493E-AF09-DF45ABA51302}
		{C18FDE63-567C-4848-AFD4-FACFA3A6E7F7} = {85C13E6C-126A-493E-AF09-DF45ABA51302}
		{CE073A5F-0B55-4569-9880-A15C6A6B1F2B} = {85C13E6C-126A-493E-AF09-DF45ABA51302}
		{734BF350-5888-428F-9CA9-E6A0983FE5A1} = {85C13E6C-126A-493E-AF09-DF45ABA51302}
		{7A9FB69A-FB08-48A4-9306-B623D5E040AE} = {85C13E6C-126A-493E-AF09-DF45ABA51302}
		{746198D4-C1BC-4946-BDF5-898F16109E4C} = {85C13E6C-126A-493E-AF09-DF45ABA51302}
	EndGlobalSection
	GlobalSection(ExtensibilityGlobals) = postSolution
		SolutionGuid = {28315BFD-90E7-4E14-A2EA-F3D23AF4126F}
	EndGlobalSection
EndGlobal
